
Microsoft Visual Studio Solution File, Format Version 12.00
# Visual Studio 15
VisualStudioVersion = 15.0.28010.2046
MinimumVisualStudioVersion = 10.0.40219.1
Project("{FAE04EC0-301F-11D3-BF4B-00C04F79EFBC}") = "DbUpLesson", "DbUpLesson\DbUpLesson.csproj", "{988942EE-BE35-4BAC-97FE-6A29FABF322D}"
EndProject
Global
	GlobalSection(SolutionConfigurationPlatforms) = preSolution
		Debug|Any CPU = Debug|Any CPU
		Release|Any CPU = Release|Any CPU
	EndGlobalSection
	GlobalSection(ProjectConfigurationPlatforms) = postSolution
		{988942EE-BE35-4BAC-97FE-6A29FABF322D}.Debug|Any CPU.ActiveCfg = Debug|Any CPU
		{988942EE-BE35-4BAC-97FE-6A29FABF322D}.Debug|Any CPU.Build.0 = Debug|Any CPU
		{988942EE-BE35-4BAC-97FE-6A29FABF322D}.Release|Any CPU.ActiveCfg = Release|Any CPU
		{988942EE-BE35-4BAC-97FE-6A29FABF322D}.Release|Any CPU.Build.0 = Release|Any CPU
	EndGlobalSection
	GlobalSection(SolutionProperties) = preSolution
		HideSolutionNode = FALSE
	EndGlobalSection
	GlobalSection(ExtensibilityGlobals) = postSolution
		SolutionGuid = {4EC7D2EA-F2B6-425C-BA12-5BB040740D7D}
	EndGlobalSection
EndGlobal
